
Microsoft Visual Studio Solution File, Format Version 12.00
# Visual Studio Version 16
VisualStudioVersion = 16.0.31313.79
MinimumVisualStudioVersion = 10.0.40219.1
Project("{9A19103F-16F7-4668-BE54-9A1E7A4F7556}") = "ShopV2", "ShopV2\ShopV2.csproj", "{7CD0D003-3D8F-4BEC-959D-991B83E74F50}"
EndProject
Project("{FAE04EC0-301F-11D3-BF4B-00C04F79EFBC}") = "WebShopV2", "WebShopV2\WebShopV2.csproj", "{524D9CB1-1EFA-4D8A-9F2F-6BC6D749D5B6}"
EndProject
Project("{FAE04EC0-301F-11D3-BF4B-00C04F79EFBC}") = "ClassLibraryShopV2", "ClassLibraryShopV2\ClassLibraryShopV2.csproj", "{BC3E7599-3E20-48A1-91F3-82A7879F8451}"
EndProject
Global
	GlobalSection(SolutionConfigurationPlatforms) = preSolution
		Debug|Any CPU = Debug|Any CPU
		Release|Any CPU = Release|Any CPU
	EndGlobalSection
	GlobalSection(ProjectConfigurationPlatforms) = postSolution
		{7CD0D003-3D8F-4BEC-959D-991B83E74F50}.Debug|Any CPU.ActiveCfg = Debug|Any CPU
		{7CD0D003-3D8F-4BEC-959D-991B83E74F50}.Debug|Any CPU.Build.0 = Debug|Any CPU
		{7CD0D003-3D8F-4BEC-959D-991B83E74F50}.Release|Any CPU.ActiveCfg = Release|Any CPU
		{7CD0D003-3D8F-4BEC-959D-991B83E74F50}.Release|Any CPU.Build.0 = Release|Any CPU
		{524D9CB1-1EFA-4D8A-9F2F-6BC6D749D5B6}.Debug|Any CPU.ActiveCfg = Debug|Any CPU
		{524D9CB1-1EFA-4D8A-9F2F-6BC6D749D5B6}.Debug|Any CPU.Build.0 = Debug|Any CPU
		{524D9CB1-1EFA-4D8A-9F2F-6BC6D749D5B6}.Release|Any CPU.ActiveCfg = Release|Any CPU
		{524D9CB1-1EFA-4D8A-9F2F-6BC6D749D5B6}.Release|Any CPU.Build.0 = Release|Any CPU
		{BC3E7599-3E20-48A1-91F3-82A7879F8451}.Debug|Any CPU.ActiveCfg = Debug|Any CPU
		{BC3E7599-3E20-48A1-91F3-82A7879F8451}.Debug|Any CPU.Build.0 = Debug|Any CPU
		{BC3E7599-3E20-48A1-91F3-82A7879F8451}.Release|Any CPU.ActiveCfg = Release|Any CPU
		{BC3E7599-3E20-48A1-91F3-82A7879F8451}.Release|Any CPU.Build.0 = Release|Any CPU
	EndGlobalSection
	GlobalSection(SolutionProperties) = preSolution
		HideSolutionNode = FALSE
	EndGlobalSection
	GlobalSection(ExtensibilityGlobals) = postSolution
		SolutionGuid = {8AC533CF-CAD1-4A99-BA18-734090FE4DEA}
	EndGlobalSection
EndGlobal
